
Microsoft Visual Studio Solution File, Format Version 12.00
# Visual Studio Version 17
VisualStudioVersion = 17.14.36518.9 d17.14
MinimumVisualStudioVersion = 10.0.40219.1
Project("{2150E333-8FDC-42A3-9474-1A3956D46DE8}") = "src", "src", "{02EA681E-C7D8-13C7-8484-4AC65E1B71E8}"
EndProject
Project("{2150E333-8FDC-42A3-9474-1A3956D46DE8}") = "tests", "tests", "{A332B57F-DC82-45E9-B48D-87C061372EB6}"
EndProject
Project("{FAE04EC0-301F-11D3-BF4B-00C04F79EFBC}") = "VismaAPI", "VismaAPI\VismaAPI.csproj", "{3A8F3D64-1832-4C4E-BA46-CC67F0E9DBE5}"
EndProject
Global
	GlobalSection(SolutionConfigurationPlatforms) = preSolution
		Debug|Any CPU = Debug|Any CPU
		Release|Any CPU = Release|Any CPU
	EndGlobalSection
	GlobalSection(ProjectConfigurationPlatforms) = postSolution
		{3A8F3D64-1832-4C4E-BA46-CC67F0E9DBE5}.Debug|Any CPU.ActiveCfg = Debug|Any CPU
		{3A8F3D64-1832-4C4E-BA46-CC67F0E9DBE5}.Debug|Any CPU.Build.0 = Debug|Any CPU
		{3A8F3D64-1832-4C4E-BA46-CC67F0E9DBE5}.Release|Any CPU.ActiveCfg = Release|Any CPU
		{3A8F3D64-1832-4C4E-BA46-CC67F0E9DBE5}.Release|Any CPU.Build.0 = Release|Any CPU
	EndGlobalSection
	GlobalSection(SolutionProperties) = preSolution
		HideSolutionNode = FALSE
	EndGlobalSection
	GlobalSection(NestedProjects) = preSolution
		{3A8F3D64-1832-4C4E-BA46-CC67F0E9DBE5} = {02EA681E-C7D8-13C7-8484-4AC65E1B71E8}
	EndGlobalSection
	GlobalSection(ExtensibilityGlobals) = postSolution
		SolutionGuid = {474B9674-F14D-4063-9927-6937D3BB0033}
	EndGlobalSection
EndGlobal
